{
  "name": "angular2-seed",
  "version": "1.0.0",
  "lockfileVersion": 1,
  "dependencies": {
    "@angular/common": {
      "version": "4.2.6",
      "resolved": "https://registry.npmjs.org/@angular/common/-/common-4.2.6.tgz",
      "integrity": "sha1-IQrOS9JON1+LQbpS/rNLGKiH1do="
    },
    "@angular/compiler": {
      "version": "4.2.6",
      "resolved": "https://registry.npmjs.org/@angular/compiler/-/compiler-4.2.6.tgz",
      "integrity": "sha1-ZndW1JXKDUXSBhJooQ1Sr4Ofr/Q="
    },
    "@angular/core": {
      "version": "4.2.6",
      "resolved": "https://registry.npmjs.org/@angular/core/-/core-4.2.6.tgz",
      "integrity": "sha1-DByP8BV/B29KfAtyHKFCPxu+Fk4="
    },
    "@angular/forms": {
      "version": "4.2.6",
      "resolved": "https://registry.npmjs.org/@angular/forms/-/forms-4.2.6.tgz",
      "integrity": "sha1-nTI5lgjkYDu/GXQXqluU6ApGfrA="
    },
    "@angular/http": {
      "version": "4.2.6",
      "resolved": "https://registry.npmjs.org/@angular/http/-/http-4.2.6.tgz",
      "integrity": "sha1-SZ4roLvB89cbdt6+wDTJWMrxE04="
    },
    "@angular/platform-browser": {
      "version": "4.2.6",
      "resolved": "https://registry.npmjs.org/@angular/platform-browser/-/platform-browser-4.2.6.tgz",
      "integrity": "sha1-oTH/WSIl/mSWvKLJr/YSpNvd9Dc="
    },
    "@angular/platform-browser-dynamic": {
      "version": "4.2.6",
      "resolved": "https://registry.npmjs.org/@angular/platform-browser-dynamic/-/platform-browser-dynamic-4.2.6.tgz",
      "integrity": "sha1-TmyK0s1c/BeIBBf3fyo0E895HCY="
    },
    "@angular/router": {
      "version": "4.2.6",
      "resolved": "https://registry.npmjs.org/@angular/router/-/router-4.2.6.tgz",
      "integrity": "sha1-ppGdm2HEX/wV++5ZM5jj/VMtq0Y="
    },
    "@angular/router-deprecated": {
      "version": "2.0.0-rc.2",
      "resolved": "https://registry.npmjs.org/@angular/router-deprecated/-/router-deprecated-2.0.0-rc.2.tgz",
      "integrity": "sha1-b/33X2CQpI6fCEoVqnXnzhOJvlM="
    },
    "@angular/upgrade": {
      "version": "4.2.6",
      "resolved": "https://registry.npmjs.org/@angular/upgrade/-/upgrade-4.2.6.tgz",
      "integrity": "sha1-hLj/frGYGre0tH93r1t/nzbwHCU="
    },
    "angular2-in-memory-web-api": {
      "version": "0.0.21",
      "resolved": "https://registry.npmjs.org/angular2-in-memory-web-api/-/angular2-in-memory-web-api-0.0.21.tgz",
      "integrity": "sha1-ILStpjk0OGLaMnTUH3oMZplr9hk="
    },
    "bootstrap": {
      "version": "3.3.7",
      "resolved": "https://registry.npmjs.org/bootstrap/-/bootstrap-3.3.7.tgz",
      "integrity": "sha1-WjiTlFSfIzMIdaOxUGVldPip63E="
    },
    "core-js": {
      "version": "2.4.1",
      "resolved": "https://registry.npmjs.org/core-js/-/core-js-2.4.1.tgz",
      "integrity": "sha1-TekR5mew6ukSTjQlS1OupvxhjT4="
    },
    "reflect-metadata": {
      "version": "0.1.10",
      "resolved": "https://registry.npmjs.org/reflect-metadata/-/reflect-metadata-0.1.10.tgz",
      "integrity": "sha1-tPg3BEFqytiZiMmxVjXUfgO5NEo="
    },
    "rxjs": {
      "version": "5.4.2",
      "resolved": "https://registry.npmjs.org/rxjs/-/rxjs-5.4.2.tgz",
      "integrity": "sha1-KjI2/L8D31e64G/Wly/ZnlwI/Pc="
    },
    "symbol-observable": {
      "version": "1.0.4",
      "resolved": "https://registry.npmjs.org/symbol-observable/-/symbol-observable-1.0.4.tgz",
      "integrity": "sha1-Kb9hXUqnEhvdiYsi1LP5vE4qoD0="
    },
    "systemjs": {
      "version": "0.20.15",
      "resolved": "https://registry.npmjs.org/systemjs/-/systemjs-0.20.15.tgz",
      "integrity": "sha512-3OPiRmVUujzapJqtKb8iC/nG6lkIWnF08tfub9LSjG2aihBJ7wY1gBfEKWq+wRPCp0ltBH/HScASGPv+D4kaDw=="
    },
    "tslib": {
      "version": "1.7.1",
      "resolved": "https://registry.npmjs.org/tslib/-/tslib-1.7.1.tgz",
      "integrity": "sha1-vIAEFkaRkjp5/oN4u+s9ogF1OOw="
    },
    "zone.js": {
      "version": "0.8.13",
      "resolved": "https://registry.npmjs.org/zone.js/-/zone.js-0.8.13.tgz",
      "integrity": "sha1-8IIlJfrZQVgqA7v+ceshdAMV3dA="
    }
  }
}
